// !$*UTF8*$!
{
	archiveVersion = 1;
	classes = {
	};
	objectVersion = 50;
	objects = {

/* Begin PBXBuildFile section */
		CC1C4BF6212F424000869C6F /* NetworkRequestService.swift in Sources */ = {isa = PBXBuildFile; fileRef = CC1C4BF5212F424000869C6F /* NetworkRequestService.swift */; };
		CC1FBEE42142D8D100DBF93D /* RequestBodyView.swift in Sources */ = {isa = PBXBuildFile; fileRef = CC1FBEE32142D8D100DBF93D /* RequestBodyView.swift */; };
		CC1FBEE62142D8FF00DBF93D /* RequestBodyViewController.swift in Sources */ = {isa = PBXBuildFile; fileRef = CC1FBEE52142D8FF00DBF93D /* RequestBodyViewController.swift */; };
		CC1FBEE821481C0D00DBF93D /* RequestModel.swift in Sources */ = {isa = PBXBuildFile; fileRef = CC1FBEE721481C0D00DBF93D /* RequestModel.swift */; };
		CC22FA1A212F1F5E000BC613 /* ToolbarView.swift in Sources */ = {isa = PBXBuildFile; fileRef = CC22FA19212F1F5E000BC613 /* ToolbarView.swift */; };
		CC2DF1D121937EEB000A0CE8 /* XCTestExtension.swift in Sources */ = {isa = PBXBuildFile; fileRef = CC2DF1D021937EEB000A0CE8 /* XCTestExtension.swift */; };
		CC55B3D720A09D1500C34B4D /* AppDelegate.swift in Sources */ = {isa = PBXBuildFile; fileRef = CC55B3D620A09D1500C34B4D /* AppDelegate.swift */; };
		CC55B3DF20A09D1500C34B4D /* mailman.xcdatamodeld in Sources */ = {isa = PBXBuildFile; fileRef = CC55B3DD20A09D1500C34B4D /* mailman.xcdatamodeld */; };
		CC55B3E120A09D1700C34B4D /* Assets.xcassets in Resources */ = {isa = PBXBuildFile; fileRef = CC55B3E020A09D1700C34B4D /* Assets.xcassets */; };
		CC55B3E420A09D1700C34B4D /* LaunchScreen.storyboard in Resources */ = {isa = PBXBuildFile; fileRef = CC55B3E220A09D1700C34B4D /* LaunchScreen.storyboard */; };
		CC55B3EF20A09D1700C34B4D /* mailmanTests.swift in Sources */ = {isa = PBXBuildFile; fileRef = CC55B3EE20A09D1700C34B4D /* mailmanTests.swift */; };
		CC55B3FA20A09D1700C34B4D /* mailmanUITests.swift in Sources */ = {isa = PBXBuildFile; fileRef = CC55B3F920A09D1700C34B4D /* mailmanUITests.swift */; };
		CC55B40B20A09DF500C34B4D /* MainRequestViewController.swift in Sources */ = {isa = PBXBuildFile; fileRef = CC55B40A20A09DF500C34B4D /* MainRequestViewController.swift */; };
		CC65743A21AEF4E900DB634E /* testJson.json in Resources */ = {isa = PBXBuildFile; fileRef = CC65743921AEF4E900DB634E /* testJson.json */; };
		CC70D1C521344CDC0043C201 /* PostmanCollectionData.swift in Sources */ = {isa = PBXBuildFile; fileRef = CC70D1C421344CDC0043C201 /* PostmanCollectionData.swift */; };
		CC80163C20D954F1008C84A9 /* MainView.swift in Sources */ = {isa = PBXBuildFile; fileRef = CC80163B20D954F1008C84A9 /* MainView.swift */; };
		CC8104242195EE9500C74148 /* RequestHeadersViewModel.swift in Sources */ = {isa = PBXBuildFile; fileRef = CC8104232195EE9500C74148 /* RequestHeadersViewModel.swift */; };
		CC8104322195FB1D00C74148 /* PostmanCollectionDataTests.swift in Sources */ = {isa = PBXBuildFile; fileRef = CC2DF1CC218B8625000A0CE8 /* PostmanCollectionDataTests.swift */; };
		CC8104332195FB3A00C74148 /* NetworkRequestModelTests.swift in Sources */ = {isa = PBXBuildFile; fileRef = CC8A63892135C116009DFC50 /* NetworkRequestModelTests.swift */; };
		CC8104372195FB7D00C74148 /* RequestHeadersViewModelTests.swift in Sources */ = {isa = PBXBuildFile; fileRef = CC8104252195EF4B00C74148 /* RequestHeadersViewModelTests.swift */; };
		CC8104382195FB8900C74148 /* RequestModelTests.swift in Sources */ = {isa = PBXBuildFile; fileRef = CC2DF1CE21934031000A0CE8 /* RequestModelTests.swift */; };
		CC81043A219B3A3D00C74148 /* MethodPopoverViewController.swift in Sources */ = {isa = PBXBuildFile; fileRef = CC810439219B3A3D00C74148 /* MethodPopoverViewController.swift */; };
		CC81043C219B4B4300C74148 /* MethodPopoverCell.swift in Sources */ = {isa = PBXBuildFile; fileRef = CC81043B219B4B4300C74148 /* MethodPopoverCell.swift */; };
		CC873AA5219C6C2A004D8016 /* HTTPStatusCode.swift in Sources */ = {isa = PBXBuildFile; fileRef = CC873AA4219C6C2A004D8016 /* HTTPStatusCode.swift */; };
		CC873AA7219C9750004D8016 /* TextPopoverViewController.swift in Sources */ = {isa = PBXBuildFile; fileRef = CC873AA6219C9750004D8016 /* TextPopoverViewController.swift */; };
		CC873AA9219C982E004D8016 /* TextPopoverView.swift in Sources */ = {isa = PBXBuildFile; fileRef = CC873AA8219C982E004D8016 /* TextPopoverView.swift */; };
		CC8A6390213850D3009DFC50 /* URLSessionProtocol.swift in Sources */ = {isa = PBXBuildFile; fileRef = CC8A638F213850D3009DFC50 /* URLSessionProtocol.swift */; };
		CC8A6392213868B3009DFC50 /* MockURLSession.swift in Sources */ = {isa = PBXBuildFile; fileRef = CC8A6391213868B3009DFC50 /* MockURLSession.swift */; };
		CC9B84B8215D2AC5001A5C41 /* Header.swift in Sources */ = {isa = PBXBuildFile; fileRef = CC9B84B7215D2AC5001A5C41 /* Header.swift */; };
		CCA2D872214AA7F9008FD431 /* MockNetworkRequestServiceDelegate.swift in Sources */ = {isa = PBXBuildFile; fileRef = CCA2D871214AA7F9008FD431 /* MockNetworkRequestServiceDelegate.swift */; };
		CCD7D46021B6E3150007ECAA /* RequestView.swift in Sources */ = {isa = PBXBuildFile; fileRef = CCD7D45F21B6E3150007ECAA /* RequestView.swift */; };
		CCD7D46221B70A670007ECAA /* PostmanCollectionView.swift in Sources */ = {isa = PBXBuildFile; fileRef = CCD7D46121B70A670007ECAA /* PostmanCollectionView.swift */; };
		CCDCF7DF21A4644900ED74B4 /* Highlightr.framework in Frameworks */ = {isa = PBXBuildFile; fileRef = CCDCF7DC21A4638600ED74B4 /* Highlightr.framework */; };
		CCDCF7E021A4644900ED74B4 /* Highlightr.framework in Embed Frameworks */ = {isa = PBXBuildFile; fileRef = CCDCF7DC21A4638600ED74B4 /* Highlightr.framework */; settings = {ATTRIBUTES = (CodeSignOnCopy, RemoveHeadersOnCopy, ); }; };
		CCDCF7E621A4985C00ED74B4 /* JSONHighlighter.swift in Sources */ = {isa = PBXBuildFile; fileRef = CCDCF7E521A4985C00ED74B4 /* JSONHighlighter.swift */; };
		CCE73BA8214FF28C00EEBB09 /* RequestHeadersViewController.swift in Sources */ = {isa = PBXBuildFile; fileRef = CCE73BA7214FF28C00EEBB09 /* RequestHeadersViewController.swift */; };
		CCE73BAC214FF2DF00EEBB09 /* RequestHeaderTableCell.swift in Sources */ = {isa = PBXBuildFile; fileRef = CCE73BAB214FF2DF00EEBB09 /* RequestHeaderTableCell.swift */; };
/* End PBXBuildFile section */

/* Begin PBXContainerItemProxy section */
		CC55B3EB20A09D1700C34B4D /* PBXContainerItemProxy */ = {
			isa = PBXContainerItemProxy;
			containerPortal = CC55B3CB20A09D1500C34B4D /* Project object */;
			proxyType = 1;
			remoteGlobalIDString = CC55B3D220A09D1500C34B4D;
			remoteInfo = mailman;
		};
		CC55B3F620A09D1700C34B4D /* PBXContainerItemProxy */ = {
			isa = PBXContainerItemProxy;
			containerPortal = CC55B3CB20A09D1500C34B4D /* Project object */;
			proxyType = 1;
			remoteGlobalIDString = CC55B3D220A09D1500C34B4D;
			remoteInfo = mailman;
		};
		CCDCF7DB21A4638600ED74B4 /* PBXContainerItemProxy */ = {
			isa = PBXContainerItemProxy;
			containerPortal = CCDCF7D621A4638600ED74B4 /* Highlightr.xcodeproj */;
			proxyType = 2;
			remoteGlobalIDString = 8C2FB1C21F39118F00469D0D;
			remoteInfo = "Highlightr-iOS";
		};
		CCDCF7DD21A4638600ED74B4 /* PBXContainerItemProxy */ = {
			isa = PBXContainerItemProxy;
			containerPortal = CCDCF7D621A4638600ED74B4 /* Highlightr.xcodeproj */;
			proxyType = 2;
			remoteGlobalIDString = 8CD1AE161F391713000FDA02;
			remoteInfo = "Highlightr-macOS";
		};
		CCDCF7E121A4644900ED74B4 /* PBXContainerItemProxy */ = {
			isa = PBXContainerItemProxy;
			containerPortal = CCDCF7D621A4638600ED74B4 /* Highlightr.xcodeproj */;
			proxyType = 1;
			remoteGlobalIDString = 8C2FB1C11F39118F00469D0D;
			remoteInfo = "Highlightr-iOS";
		};
/* End PBXContainerItemProxy section */

/* Begin PBXCopyFilesBuildPhase section */
		CCDCF7E321A4644900ED74B4 /* Embed Frameworks */ = {
			isa = PBXCopyFilesBuildPhase;
			buildActionMask = 2147483647;
			dstPath = "";
			dstSubfolderSpec = 10;
			files = (
				CCDCF7E021A4644900ED74B4 /* Highlightr.framework in Embed Frameworks */,
			);
			name = "Embed Frameworks";
			runOnlyForDeploymentPostprocessing = 0;
		};
/* End PBXCopyFilesBuildPhase section */

/* Begin PBXFileReference section */
		CC1C4BF5212F424000869C6F /* NetworkRequestService.swift */ = {isa = PBXFileReference; lastKnownFileType = sourcecode.swift; path = NetworkRequestService.swift; sourceTree = "<group>"; };
		CC1FBEE32142D8D100DBF93D /* RequestBodyView.swift */ = {isa = PBXFileReference; lastKnownFileType = sourcecode.swift; path = RequestBodyView.swift; sourceTree = "<group>"; };
		CC1FBEE52142D8FF00DBF93D /* RequestBodyViewController.swift */ = {isa = PBXFileReference; lastKnownFileType = sourcecode.swift; path = RequestBodyViewController.swift; sourceTree = "<group>"; };
		CC1FBEE721481C0D00DBF93D /* RequestModel.swift */ = {isa = PBXFileReference; lastKnownFileType = sourcecode.swift; path = RequestModel.swift; sourceTree = "<group>"; };
		CC22FA19212F1F5E000BC613 /* ToolbarView.swift */ = {isa = PBXFileReference; lastKnownFileType = sourcecode.swift; path = ToolbarView.swift; sourceTree = "<group>"; };
		CC2DF1CC218B8625000A0CE8 /* PostmanCollectionDataTests.swift */ = {isa = PBXFileReference; lastKnownFileType = sourcecode.swift; path = PostmanCollectionDataTests.swift; sourceTree = "<group>"; };
		CC2DF1CE21934031000A0CE8 /* RequestModelTests.swift */ = {isa = PBXFileReference; lastKnownFileType = sourcecode.swift; path = RequestModelTests.swift; sourceTree = "<group>"; };
		CC2DF1D021937EEB000A0CE8 /* XCTestExtension.swift */ = {isa = PBXFileReference; fileEncoding = 4; lastKnownFileType = sourcecode.swift; path = XCTestExtension.swift; sourceTree = "<group>"; };
		CC55B3D320A09D1500C34B4D /* mailman.app */ = {isa = PBXFileReference; explicitFileType = wrapper.application; includeInIndex = 0; path = mailman.app; sourceTree = BUILT_PRODUCTS_DIR; };
		CC55B3D620A09D1500C34B4D /* AppDelegate.swift */ = {isa = PBXFileReference; lastKnownFileType = sourcecode.swift; path = AppDelegate.swift; sourceTree = "<group>"; };
		CC55B3DE20A09D1500C34B4D /* mailman.xcdatamodel */ = {isa = PBXFileReference; lastKnownFileType = wrapper.xcdatamodel; path = mailman.xcdatamodel; sourceTree = "<group>"; };
		CC55B3E020A09D1700C34B4D /* Assets.xcassets */ = {isa = PBXFileReference; lastKnownFileType = folder.assetcatalog; path = Assets.xcassets; sourceTree = "<group>"; };
		CC55B3E320A09D1700C34B4D /* Base */ = {isa = PBXFileReference; lastKnownFileType = file.storyboard; name = Base; path = Base.lproj/LaunchScreen.storyboard; sourceTree = "<group>"; };
		CC55B3E520A09D1700C34B4D /* Info.plist */ = {isa = PBXFileReference; lastKnownFileType = text.plist.xml; path = Info.plist; sourceTree = "<group>"; };
		CC55B3EA20A09D1700C34B4D /* mailmanTests.xctest */ = {isa = PBXFileReference; explicitFileType = wrapper.cfbundle; includeInIndex = 0; path = mailmanTests.xctest; sourceTree = BUILT_PRODUCTS_DIR; };
		CC55B3EE20A09D1700C34B4D /* mailmanTests.swift */ = {isa = PBXFileReference; lastKnownFileType = sourcecode.swift; path = mailmanTests.swift; sourceTree = "<group>"; };
		CC55B3F020A09D1700C34B4D /* Info.plist */ = {isa = PBXFileReference; lastKnownFileType = text.plist.xml; path = Info.plist; sourceTree = "<group>"; };
		CC55B3F520A09D1700C34B4D /* mailmanUITests.xctest */ = {isa = PBXFileReference; explicitFileType = wrapper.cfbundle; includeInIndex = 0; path = mailmanUITests.xctest; sourceTree = BUILT_PRODUCTS_DIR; };
		CC55B3F920A09D1700C34B4D /* mailmanUITests.swift */ = {isa = PBXFileReference; lastKnownFileType = sourcecode.swift; path = mailmanUITests.swift; sourceTree = "<group>"; };
		CC55B3FB20A09D1700C34B4D /* Info.plist */ = {isa = PBXFileReference; lastKnownFileType = text.plist.xml; path = Info.plist; sourceTree = "<group>"; };
		CC55B40A20A09DF500C34B4D /* MainRequestViewController.swift */ = {isa = PBXFileReference; lastKnownFileType = sourcecode.swift; path = MainRequestViewController.swift; sourceTree = "<group>"; };
		CC65743921AEF4E900DB634E /* testJson.json */ = {isa = PBXFileReference; fileEncoding = 4; lastKnownFileType = text.json; path = testJson.json; sourceTree = SOURCE_ROOT; };
		CC70D1C421344CDC0043C201 /* PostmanCollectionData.swift */ = {isa = PBXFileReference; lastKnownFileType = sourcecode.swift; path = PostmanCollectionData.swift; sourceTree = "<group>"; };
		CC80163B20D954F1008C84A9 /* MainView.swift */ = {isa = PBXFileReference; lastKnownFileType = sourcecode.swift; path = MainView.swift; sourceTree = "<group>"; };
		CC8104232195EE9500C74148 /* RequestHeadersViewModel.swift */ = {isa = PBXFileReference; lastKnownFileType = sourcecode.swift; path = RequestHeadersViewModel.swift; sourceTree = "<group>"; };
		CC8104252195EF4B00C74148 /* RequestHeadersViewModelTests.swift */ = {isa = PBXFileReference; lastKnownFileType = sourcecode.swift; path = RequestHeadersViewModelTests.swift; sourceTree = "<group>"; };
		CC810439219B3A3D00C74148 /* MethodPopoverViewController.swift */ = {isa = PBXFileReference; lastKnownFileType = sourcecode.swift; path = MethodPopoverViewController.swift; sourceTree = "<group>"; };
		CC81043B219B4B4300C74148 /* MethodPopoverCell.swift */ = {isa = PBXFileReference; lastKnownFileType = sourcecode.swift; path = MethodPopoverCell.swift; sourceTree = "<group>"; };
		CC873AA4219C6C2A004D8016 /* HTTPStatusCode.swift */ = {isa = PBXFileReference; lastKnownFileType = sourcecode.swift; path = HTTPStatusCode.swift; sourceTree = "<group>"; };
		CC873AA6219C9750004D8016 /* TextPopoverViewController.swift */ = {isa = PBXFileReference; lastKnownFileType = sourcecode.swift; path = TextPopoverViewController.swift; sourceTree = "<group>"; };
		CC873AA8219C982E004D8016 /* TextPopoverView.swift */ = {isa = PBXFileReference; lastKnownFileType = sourcecode.swift; path = TextPopoverView.swift; sourceTree = "<group>"; };
		CC8A63892135C116009DFC50 /* NetworkRequestModelTests.swift */ = {isa = PBXFileReference; lastKnownFileType = sourcecode.swift; path = NetworkRequestModelTests.swift; sourceTree = "<group>"; };
		CC8A638F213850D3009DFC50 /* URLSessionProtocol.swift */ = {isa = PBXFileReference; lastKnownFileType = sourcecode.swift; path = URLSessionProtocol.swift; sourceTree = "<group>"; };
		CC8A6391213868B3009DFC50 /* MockURLSession.swift */ = {isa = PBXFileReference; lastKnownFileType = sourcecode.swift; path = MockURLSession.swift; sourceTree = "<group>"; };
		CC9B84B7215D2AC5001A5C41 /* Header.swift */ = {isa = PBXFileReference; lastKnownFileType = sourcecode.swift; path = Header.swift; sourceTree = "<group>"; };
		CCA2D871214AA7F9008FD431 /* MockNetworkRequestServiceDelegate.swift */ = {isa = PBXFileReference; lastKnownFileType = sourcecode.swift; path = MockNetworkRequestServiceDelegate.swift; sourceTree = "<group>"; };
		CCD7D45F21B6E3150007ECAA /* RequestView.swift */ = {isa = PBXFileReference; lastKnownFileType = sourcecode.swift; path = RequestView.swift; sourceTree = "<group>"; };
		CCD7D46121B70A670007ECAA /* PostmanCollectionView.swift */ = {isa = PBXFileReference; lastKnownFileType = sourcecode.swift; path = PostmanCollectionView.swift; sourceTree = "<group>"; };
		CCDCF7D621A4638600ED74B4 /* Highlightr.xcodeproj */ = {isa = PBXFileReference; lastKnownFileType = "wrapper.pb-project"; name = Highlightr.xcodeproj; path = Carthage/Checkouts/Highlightr/Highlightr.xcodeproj; sourceTree = "<group>"; };
		CCDCF7E521A4985C00ED74B4 /* JSONHighlighter.swift */ = {isa = PBXFileReference; lastKnownFileType = sourcecode.swift; path = JSONHighlighter.swift; sourceTree = "<group>"; };
		CCE73BA7214FF28C00EEBB09 /* RequestHeadersViewController.swift */ = {isa = PBXFileReference; lastKnownFileType = sourcecode.swift; path = RequestHeadersViewController.swift; sourceTree = "<group>"; };
		CCE73BAB214FF2DF00EEBB09 /* RequestHeaderTableCell.swift */ = {isa = PBXFileReference; lastKnownFileType = sourcecode.swift; path = RequestHeaderTableCell.swift; sourceTree = "<group>"; };
/* End PBXFileReference section */

/* Begin PBXFrameworksBuildPhase section */
		CC55B3D020A09D1500C34B4D /* Frameworks */ = {
			isa = PBXFrameworksBuildPhase;
			buildActionMask = 2147483647;
			files = (
				CCDCF7DF21A4644900ED74B4 /* Highlightr.framework in Frameworks */,
			);
			runOnlyForDeploymentPostprocessing = 0;
		};
		CC55B3E720A09D1700C34B4D /* Frameworks */ = {
			isa = PBXFrameworksBuildPhase;
			buildActionMask = 2147483647;
			files = (
			);
			runOnlyForDeploymentPostprocessing = 0;
		};
		CC55B3F220A09D1700C34B4D /* Frameworks */ = {
			isa = PBXFrameworksBuildPhase;
			buildActionMask = 2147483647;
			files = (
			);
			runOnlyForDeploymentPostprocessing = 0;
		};
/* End PBXFrameworksBuildPhase section */

/* Begin PBXGroup section */
		CC55B3CA20A09D1500C34B4D = {
			isa = PBXGroup;
			children = (
				CCDCF7D521A4637500ED74B4 /* Frameworks */,
				CC55B3D520A09D1500C34B4D /* mailman */,
				CC55B3ED20A09D1700C34B4D /* mailmanTests */,
				CC55B3F820A09D1700C34B4D /* mailmanUITests */,
				CC55B3D420A09D1500C34B4D /* Products */,
			);
			sourceTree = "<group>";
		};
		CC55B3D420A09D1500C34B4D /* Products */ = {
			isa = PBXGroup;
			children = (
				CC55B3D320A09D1500C34B4D /* mailman.app */,
				CC55B3EA20A09D1700C34B4D /* mailmanTests.xctest */,
				CC55B3F520A09D1700C34B4D /* mailmanUITests.xctest */,
			);
			name = Products;
			sourceTree = "<group>";
		};
		CC55B3D520A09D1500C34B4D /* mailman */ = {
			isa = PBXGroup;
			children = (
				CCDCF7E421A4983C00ED74B4 /* JSON Highlighting */,
				CC8104312195FA2000C74148 /* Toolbar */,
				CC81042F2195F9CE00C74148 /* Network */,
				CC81042C2195F9A000C74148 /* Request */,
				CC81042B2195F98D00C74148 /* Body */,
				CC8104282195F95B00C74148 /* Headers */,
				CC8104272195F92000C74148 /* Main */,
				CC55B3D620A09D1500C34B4D /* AppDelegate.swift */,
				CC55B3E020A09D1700C34B4D /* Assets.xcassets */,
				CC55B3E520A09D1700C34B4D /* Info.plist */,
				CC55B3E220A09D1700C34B4D /* LaunchScreen.storyboard */,
				CC55B3DD20A09D1500C34B4D /* mailman.xcdatamodeld */,
				CC2DF1D021937EEB000A0CE8 /* XCTestExtension.swift */,
			);
			path = mailman;
			sourceTree = "<group>";
		};
		CC55B3ED20A09D1700C34B4D /* mailmanTests */ = {
			isa = PBXGroup;
			children = (
				CC55B3EE20A09D1700C34B4D /* mailmanTests.swift */,
				CC55B3F020A09D1700C34B4D /* Info.plist */,
			);
			path = mailmanTests;
			sourceTree = "<group>";
		};
		CC55B3F820A09D1700C34B4D /* mailmanUITests */ = {
			isa = PBXGroup;
			children = (
				CC55B3F920A09D1700C34B4D /* mailmanUITests.swift */,
				CC55B3FB20A09D1700C34B4D /* Info.plist */,
			);
			path = mailmanUITests;
			sourceTree = "<group>";
		};
		CC8104272195F92000C74148 /* Main */ = {
			isa = PBXGroup;
			children = (
				CC80163B20D954F1008C84A9 /* MainView.swift */,
				CC55B40A20A09DF500C34B4D /* MainRequestViewController.swift */,
				CCD7D46121B70A670007ECAA /* PostmanCollectionView.swift */,
				CC810439219B3A3D00C74148 /* MethodPopoverViewController.swift */,
				CC81043B219B4B4300C74148 /* MethodPopoverCell.swift */,
				CC873AA6219C9750004D8016 /* TextPopoverViewController.swift */,
				CC873AA8219C982E004D8016 /* TextPopoverView.swift */,
				CCD7D45F21B6E3150007ECAA /* RequestView.swift */,
			);
			path = Main;
			sourceTree = "<group>";
		};
		CC8104282195F95B00C74148 /* Headers */ = {
			isa = PBXGroup;
			children = (
				CC9B84B7215D2AC5001A5C41 /* Header.swift */,
				CC8104232195EE9500C74148 /* RequestHeadersViewModel.swift */,
				CC8104252195EF4B00C74148 /* RequestHeadersViewModelTests.swift */,
				CCE73BA7214FF28C00EEBB09 /* RequestHeadersViewController.swift */,
				CCE73BAB214FF2DF00EEBB09 /* RequestHeaderTableCell.swift */,
			);
			path = Headers;
			sourceTree = "<group>";
		};
		CC81042B2195F98D00C74148 /* Body */ = {
			isa = PBXGroup;
			children = (
				CC1FBEE32142D8D100DBF93D /* RequestBodyView.swift */,
				CC1FBEE52142D8FF00DBF93D /* RequestBodyViewController.swift */,
			);
			path = Body;
			sourceTree = "<group>";
		};
		CC81042C2195F9A000C74148 /* Request */ = {
			isa = PBXGroup;
			children = (
				CC70D1C421344CDC0043C201 /* PostmanCollectionData.swift */,
				CC873AA4219C6C2A004D8016 /* HTTPStatusCode.swift */,
				CC2DF1CC218B8625000A0CE8 /* PostmanCollectionDataTests.swift */,
				CC1FBEE721481C0D00DBF93D /* RequestModel.swift */,
				CC2DF1CE21934031000A0CE8 /* RequestModelTests.swift */,
				CC65743921AEF4E900DB634E /* testJson.json */,
			);
			path = Request;
			sourceTree = "<group>";
		};
		CC81042F2195F9CE00C74148 /* Network */ = {
			isa = PBXGroup;
			children = (
				CCA2D871214AA7F9008FD431 /* MockNetworkRequestServiceDelegate.swift */,
				CC8A6391213868B3009DFC50 /* MockURLSession.swift */,
				CC8A63892135C116009DFC50 /* NetworkRequestModelTests.swift */,
				CC1C4BF5212F424000869C6F /* NetworkRequestService.swift */,
				CC8A638F213850D3009DFC50 /* URLSessionProtocol.swift */,
			);
			path = Network;
			sourceTree = "<group>";
		};
		CC8104312195FA2000C74148 /* Toolbar */ = {
			isa = PBXGroup;
			children = (
				CC22FA19212F1F5E000BC613 /* ToolbarView.swift */,
			);
			path = Toolbar;
			sourceTree = "<group>";
		};
		CCDCF7D521A4637500ED74B4 /* Frameworks */ = {
			isa = PBXGroup;
			children = (
				CCDCF7D621A4638600ED74B4 /* Highlightr.xcodeproj */,
			);
			name = Frameworks;
			sourceTree = "<group>";
		};
		CCDCF7D721A4638600ED74B4 /* Products */ = {
			isa = PBXGroup;
			children = (
				CCDCF7DC21A4638600ED74B4 /* Highlightr.framework */,
				CCDCF7DE21A4638600ED74B4 /* Highlightr.framework */,
			);
			name = Products;
			sourceTree = "<group>";
		};
		CCDCF7E421A4983C00ED74B4 /* JSON Highlighting */ = {
			isa = PBXGroup;
			children = (
				CCDCF7E521A4985C00ED74B4 /* JSONHighlighter.swift */,
			);
			path = "JSON Highlighting";
			sourceTree = "<group>";
		};
/* End PBXGroup section */

/* Begin PBXNativeTarget section */
		CC55B3D220A09D1500C34B4D /* mailman */ = {
			isa = PBXNativeTarget;
			buildConfigurationList = CC55B3FE20A09D1700C34B4D /* Build configuration list for PBXNativeTarget "mailman" */;
			buildPhases = (
				CC55B3CF20A09D1500C34B4D /* Sources */,
				CC55B3D020A09D1500C34B4D /* Frameworks */,
				CC55B3D120A09D1500C34B4D /* Resources */,
				CCDCF7E321A4644900ED74B4 /* Embed Frameworks */,
			);
			buildRules = (
			);
			dependencies = (
				CCDCF7E221A4644900ED74B4 /* PBXTargetDependency */,
			);
			name = mailman;
			productName = mailman;
			productReference = CC55B3D320A09D1500C34B4D /* mailman.app */;
			productType = "com.apple.product-type.application";
		};
		CC55B3E920A09D1700C34B4D /* mailmanTests */ = {
			isa = PBXNativeTarget;
			buildConfigurationList = CC55B40120A09D1700C34B4D /* Build configuration list for PBXNativeTarget "mailmanTests" */;
			buildPhases = (
				CC55B3E620A09D1700C34B4D /* Sources */,
				CC55B3E720A09D1700C34B4D /* Frameworks */,
				CC55B3E820A09D1700C34B4D /* Resources */,
			);
			buildRules = (
			);
			dependencies = (
				CC55B3EC20A09D1700C34B4D /* PBXTargetDependency */,
			);
			name = mailmanTests;
			productName = mailmanTests;
			productReference = CC55B3EA20A09D1700C34B4D /* mailmanTests.xctest */;
			productType = "com.apple.product-type.bundle.unit-test";
		};
		CC55B3F420A09D1700C34B4D /* mailmanUITests */ = {
			isa = PBXNativeTarget;
			buildConfigurationList = CC55B40420A09D1700C34B4D /* Build configuration list for PBXNativeTarget "mailmanUITests" */;
			buildPhases = (
				CC55B3F120A09D1700C34B4D /* Sources */,
				CC55B3F220A09D1700C34B4D /* Frameworks */,
				CC55B3F320A09D1700C34B4D /* Resources */,
			);
			buildRules = (
			);
			dependencies = (
				CC55B3F720A09D1700C34B4D /* PBXTargetDependency */,
			);
			name = mailmanUITests;
			productName = mailmanUITests;
			productReference = CC55B3F520A09D1700C34B4D /* mailmanUITests.xctest */;
			productType = "com.apple.product-type.bundle.ui-testing";
		};
/* End PBXNativeTarget section */

/* Begin PBXProject section */
		CC55B3CB20A09D1500C34B4D /* Project object */ = {
			isa = PBXProject;
			attributes = {
				LastSwiftUpdateCheck = 0930;
				LastUpgradeCheck = 0930;
				ORGANIZATIONNAME = droff.dev.llc;
				TargetAttributes = {
					CC55B3D220A09D1500C34B4D = {
						CreatedOnToolsVersion = 9.3;
					};
					CC55B3E920A09D1700C34B4D = {
						CreatedOnToolsVersion = 9.3;
						TestTargetID = CC55B3D220A09D1500C34B4D;
					};
					CC55B3F420A09D1700C34B4D = {
						CreatedOnToolsVersion = 9.3;
						TestTargetID = CC55B3D220A09D1500C34B4D;
					};
				};
			};
			buildConfigurationList = CC55B3CE20A09D1500C34B4D /* Build configuration list for PBXProject "mailman" */;
			compatibilityVersion = "Xcode 9.3";
			developmentRegion = en;
			hasScannedForEncodings = 0;
			knownRegions = (
				en,
				Base,
			);
			mainGroup = CC55B3CA20A09D1500C34B4D;
			productRefGroup = CC55B3D420A09D1500C34B4D /* Products */;
			projectDirPath = "";
			projectReferences = (
				{
					ProductGroup = CCDCF7D721A4638600ED74B4 /* Products */;
					ProjectRef = CCDCF7D621A4638600ED74B4 /* Highlightr.xcodeproj */;
				},
			);
			projectRoot = "";
			targets = (
				CC55B3D220A09D1500C34B4D /* mailman */,
				CC55B3E920A09D1700C34B4D /* mailmanTests */,
				CC55B3F420A09D1700C34B4D /* mailmanUITests */,
			);
		};
/* End PBXProject section */

/* Begin PBXReferenceProxy section */
		CCDCF7DC21A4638600ED74B4 /* Highlightr.framework */ = {
			isa = PBXReferenceProxy;
			fileType = wrapper.framework;
			path = Highlightr.framework;
			remoteRef = CCDCF7DB21A4638600ED74B4 /* PBXContainerItemProxy */;
			sourceTree = BUILT_PRODUCTS_DIR;
		};
		CCDCF7DE21A4638600ED74B4 /* Highlightr.framework */ = {
			isa = PBXReferenceProxy;
			fileType = wrapper.framework;
			path = Highlightr.framework;
			remoteRef = CCDCF7DD21A4638600ED74B4 /* PBXContainerItemProxy */;
			sourceTree = BUILT_PRODUCTS_DIR;
		};
/* End PBXReferenceProxy section */

/* Begin PBXResourcesBuildPhase section */
		CC55B3D120A09D1500C34B4D /* Resources */ = {
			isa = PBXResourcesBuildPhase;
			buildActionMask = 2147483647;
			files = (
				CC55B3E420A09D1700C34B4D /* LaunchScreen.storyboard in Resources */,
				CC55B3E120A09D1700C34B4D /* Assets.xcassets in Resources */,
			);
			runOnlyForDeploymentPostprocessing = 0;
		};
		CC55B3E820A09D1700C34B4D /* Resources */ = {
			isa = PBXResourcesBuildPhase;
			buildActionMask = 2147483647;
			files = (
				CC65743A21AEF4E900DB634E /* testJson.json in Resources */,
			);
			runOnlyForDeploymentPostprocessing = 0;
		};
		CC55B3F320A09D1700C34B4D /* Resources */ = {
			isa = PBXResourcesBuildPhase;
			buildActionMask = 2147483647;
			files = (
			);
			runOnlyForDeploymentPostprocessing = 0;
		};
/* End PBXResourcesBuildPhase section */

/* Begin PBXSourcesBuildPhase section */
		CC55B3CF20A09D1500C34B4D /* Sources */ = {
			isa = PBXSourcesBuildPhase;
			buildActionMask = 2147483647;
			files = (
				CC8A6390213850D3009DFC50 /* URLSessionProtocol.swift in Sources */,
				CC8104242195EE9500C74148 /* RequestHeadersViewModel.swift in Sources */,
				CC55B3D720A09D1500C34B4D /* AppDelegate.swift in Sources */,
				CC1FBEE821481C0D00DBF93D /* RequestModel.swift in Sources */,
				CC22FA1A212F1F5E000BC613 /* ToolbarView.swift in Sources */,
				CC873AA7219C9750004D8016 /* TextPopoverViewController.swift in Sources */,
				CC1C4BF6212F424000869C6F /* NetworkRequestService.swift in Sources */,
				CCD7D46221B70A670007ECAA /* PostmanCollectionView.swift in Sources */,
				CC80163C20D954F1008C84A9 /* MainView.swift in Sources */,
				CCD7D46021B6E3150007ECAA /* RequestView.swift in Sources */,
				CC873AA9219C982E004D8016 /* TextPopoverView.swift in Sources */,
				CCDCF7E621A4985C00ED74B4 /* JSONHighlighter.swift in Sources */,
				CCA2D872214AA7F9008FD431 /* MockNetworkRequestServiceDelegate.swift in Sources */,
				CC55B3DF20A09D1500C34B4D /* mailman.xcdatamodeld in Sources */,
				CC873AA5219C6C2A004D8016 /* HTTPStatusCode.swift in Sources */,
				CC55B40B20A09DF500C34B4D /* MainRequestViewController.swift in Sources */,
				CC9B84B8215D2AC5001A5C41 /* Header.swift in Sources */,
				CC81043A219B3A3D00C74148 /* MethodPopoverViewController.swift in Sources */,
				CC8A6392213868B3009DFC50 /* MockURLSession.swift in Sources */,
				CCE73BA8214FF28C00EEBB09 /* RequestHeadersViewController.swift in Sources */,
				CC1FBEE62142D8FF00DBF93D /* RequestBodyViewController.swift in Sources */,
				CCE73BAC214FF2DF00EEBB09 /* RequestHeaderTableCell.swift in Sources */,
				CC1FBEE42142D8D100DBF93D /* RequestBodyView.swift in Sources */,
				CC81043C219B4B4300C74148 /* MethodPopoverCell.swift in Sources */,
				CC70D1C521344CDC0043C201 /* PostmanCollectionData.swift in Sources */,
			);
			runOnlyForDeploymentPostprocessing = 0;
		};
		CC55B3E620A09D1700C34B4D /* Sources */ = {
			isa = PBXSourcesBuildPhase;
			buildActionMask = 2147483647;
			files = (
				CC8104332195FB3A00C74148 /* NetworkRequestModelTests.swift in Sources */,
				CC8104372195FB7D00C74148 /* RequestHeadersViewModelTests.swift in Sources */,
				CC8104322195FB1D00C74148 /* PostmanCollectionDataTests.swift in Sources */,
				CC55B3EF20A09D1700C34B4D /* mailmanTests.swift in Sources */,
				CC8104382195FB8900C74148 /* RequestModelTests.swift in Sources */,
				CC2DF1D121937EEB000A0CE8 /* XCTestExtension.swift in Sources */,
			);
			runOnlyForDeploymentPostprocessing = 0;
		};
		CC55B3F120A09D1700C34B4D /* Sources */ = {
			isa = PBXSourcesBuildPhase;
			buildActionMask = 2147483647;
			files = (
				CC55B3FA20A09D1700C34B4D /* mailmanUITests.swift in Sources */,
			);
			runOnlyForDeploymentPostprocessing = 0;
		};
/* End PBXSourcesBuildPhase section */

/* Begin PBXTargetDependency section */
		CC55B3EC20A09D1700C34B4D /* PBXTargetDependency */ = {
			isa = PBXTargetDependency;
			target = CC55B3D220A09D1500C34B4D /* mailman */;
			targetProxy = CC55B3EB20A09D1700C34B4D /* PBXContainerItemProxy */;
		};
		CC55B3F720A09D1700C34B4D /* PBXTargetDependency */ = {
			isa = PBXTargetDependency;
			target = CC55B3D220A09D1500C34B4D /* mailman */;
			targetProxy = CC55B3F620A09D1700C34B4D /* PBXContainerItemProxy */;
		};
		CCDCF7E221A4644900ED74B4 /* PBXTargetDependency */ = {
			isa = PBXTargetDependency;
			name = "Highlightr-iOS";
			targetProxy = CCDCF7E121A4644900ED74B4 /* PBXContainerItemProxy */;
		};
/* End PBXTargetDependency section */

/* Begin PBXVariantGroup section */
		CC55B3E220A09D1700C34B4D /* LaunchScreen.storyboard */ = {
			isa = PBXVariantGroup;
			children = (
				CC55B3E320A09D1700C34B4D /* Base */,
			);
			name = LaunchScreen.storyboard;
			sourceTree = "<group>";
		};
/* End PBXVariantGroup section */

/* Begin XCBuildConfiguration section */
		CC55B3FC20A09D1700C34B4D /* Debug */ = {
			isa = XCBuildConfiguration;
			buildSettings = {
				ALWAYS_SEARCH_USER_PATHS = NO;
				CLANG_ANALYZER_NONNULL = YES;
				CLANG_ANALYZER_NUMBER_OBJECT_CONVERSION = YES_AGGRESSIVE;
				CLANG_CXX_LANGUAGE_STANDARD = "gnu++14";
				CLANG_CXX_LIBRARY = "libc++";
				CLANG_ENABLE_MODULES = YES;
				CLANG_ENABLE_OBJC_ARC = YES;
				CLANG_ENABLE_OBJC_WEAK = YES;
				CLANG_WARN_BLOCK_CAPTURE_AUTORELEASING = YES;
				CLANG_WARN_BOOL_CONVERSION = YES;
				CLANG_WARN_COMMA = YES;
				CLANG_WARN_CONSTANT_CONVERSION = YES;
				CLANG_WARN_DEPRECATED_OBJC_IMPLEMENTATIONS = YES;
				CLANG_WARN_DIRECT_OBJC_ISA_USAGE = YES_ERROR;
				CLANG_WARN_DOCUMENTATION_COMMENTS = YES;
				CLANG_WARN_EMPTY_BODY = YES;
				CLANG_WARN_ENUM_CONVERSION = YES;
				CLANG_WARN_INFINITE_RECURSION = YES;
				CLANG_WARN_INT_CONVERSION = YES;
				CLANG_WARN_NON_LITERAL_NULL_CONVERSION = YES;
				CLANG_WARN_OBJC_IMPLICIT_RETAIN_SELF = YES;
				CLANG_WARN_OBJC_LITERAL_CONVERSION = YES;
				CLANG_WARN_OBJC_ROOT_CLASS = YES_ERROR;
				CLANG_WARN_RANGE_LOOP_ANALYSIS = YES;
				CLANG_WARN_STRICT_PROTOTYPES = YES;
				CLANG_WARN_SUSPICIOUS_MOVE = YES;
				CLANG_WARN_UNGUARDED_AVAILABILITY = YES_AGGRESSIVE;
				CLANG_WARN_UNREACHABLE_CODE = YES;
				CLANG_WARN__DUPLICATE_METHOD_MATCH = YES;
				CODE_SIGN_IDENTITY = "iPhone Developer";
				COPY_PHASE_STRIP = NO;
				DEBUG_INFORMATION_FORMAT = dwarf;
				ENABLE_STRICT_OBJC_MSGSEND = YES;
				ENABLE_TESTABILITY = YES;
				GCC_C_LANGUAGE_STANDARD = gnu11;
				GCC_DYNAMIC_NO_PIC = NO;
				GCC_NO_COMMON_BLOCKS = YES;
				GCC_OPTIMIZATION_LEVEL = 0;
				GCC_PREPROCESSOR_DEFINITIONS = (
					"DEBUG=1",
					"$(inherited)",
				);
				GCC_WARN_64_TO_32_BIT_CONVERSION = YES;
				GCC_WARN_ABOUT_RETURN_TYPE = YES_ERROR;
				GCC_WARN_UNDECLARED_SELECTOR = YES;
				GCC_WARN_UNINITIALIZED_AUTOS = YES_AGGRESSIVE;
				GCC_WARN_UNUSED_FUNCTION = YES;
				GCC_WARN_UNUSED_VARIABLE = YES;
				IPHONEOS_DEPLOYMENT_TARGET = 11.4;
				MTL_ENABLE_DEBUG_INFO = YES;
				ONLY_ACTIVE_ARCH = YES;
				SDKROOT = iphoneos;
				SWIFT_ACTIVE_COMPILATION_CONDITIONS = DEBUG;
				SWIFT_OPTIMIZATION_LEVEL = "-Onone";
			};
			name = Debug;
		};
		CC55B3FD20A09D1700C34B4D /* Release */ = {
			isa = XCBuildConfiguration;
			buildSettings = {
				ALWAYS_SEARCH_USER_PATHS = NO;
				CLANG_ANALYZER_NONNULL = YES;
				CLANG_ANALYZER_NUMBER_OBJECT_CONVERSION = YES_AGGRESSIVE;
				CLANG_CXX_LANGUAGE_STANDARD = "gnu++14";
				CLANG_CXX_LIBRARY = "libc++";
				CLANG_ENABLE_MODULES = YES;
				CLANG_ENABLE_OBJC_ARC = YES;
				CLANG_ENABLE_OBJC_WEAK = YES;
				CLANG_WARN_BLOCK_CAPTURE_AUTORELEASING = YES;
				CLANG_WARN_BOOL_CONVERSION = YES;
				CLANG_WARN_COMMA = YES;
				CLANG_WARN_CONSTANT_CONVERSION = YES;
				CLANG_WARN_DEPRECATED_OBJC_IMPLEMENTATIONS = YES;
				CLANG_WARN_DIRECT_OBJC_ISA_USAGE = YES_ERROR;
				CLANG_WARN_DOCUMENTATION_COMMENTS = YES;
				CLANG_WARN_EMPTY_BODY = YES;
				CLANG_WARN_ENUM_CONVERSION = YES;
				CLANG_WARN_INFINITE_RECURSION = YES;
				CLANG_WARN_INT_CONVERSION = YES;
				CLANG_WARN_NON_LITERAL_NULL_CONVERSION = YES;
				CLANG_WARN_OBJC_IMPLICIT_RETAIN_SELF = YES;
				CLANG_WARN_OBJC_LITERAL_CONVERSION = YES;
				CLANG_WARN_OBJC_ROOT_CLASS = YES_ERROR;
				CLANG_WARN_RANGE_LOOP_ANALYSIS = YES;
				CLANG_WARN_STRICT_PROTOTYPES = YES;
				CLANG_WARN_SUSPICIOUS_MOVE = YES;
				CLANG_WARN_UNGUARDED_AVAILABILITY = YES_AGGRESSIVE;
				CLANG_WARN_UNREACHABLE_CODE = YES;
				CLANG_WARN__DUPLICATE_METHOD_MATCH = YES;
				CODE_SIGN_IDENTITY = "iPhone Developer";
				COPY_PHASE_STRIP = NO;
				DEBUG_INFORMATION_FORMAT = "dwarf-with-dsym";
				ENABLE_NS_ASSERTIONS = NO;
				ENABLE_STRICT_OBJC_MSGSEND = YES;
				GCC_C_LANGUAGE_STANDARD = gnu11;
				GCC_NO_COMMON_BLOCKS = YES;
				GCC_WARN_64_TO_32_BIT_CONVERSION = YES;
				GCC_WARN_ABOUT_RETURN_TYPE = YES_ERROR;
				GCC_WARN_UNDECLARED_SELECTOR = YES;
				GCC_WARN_UNINITIALIZED_AUTOS = YES_AGGRESSIVE;
				GCC_WARN_UNUSED_FUNCTION = YES;
				GCC_WARN_UNUSED_VARIABLE = YES;
				IPHONEOS_DEPLOYMENT_TARGET = 11.4;
				MTL_ENABLE_DEBUG_INFO = NO;
				SDKROOT = iphoneos;
				SWIFT_COMPILATION_MODE = wholemodule;
				SWIFT_OPTIMIZATION_LEVEL = "-O";
				VALIDATE_PRODUCT = YES;
			};
			name = Release;
		};
		CC55B3FF20A09D1700C34B4D /* Debug */ = {
			isa = XCBuildConfiguration;
			buildSettings = {
				ALWAYS_EMBED_SWIFT_STANDARD_LIBRARIES = YES;
				ASSETCATALOG_COMPILER_APPICON_NAME = AppIcon;
				CODE_SIGN_STYLE = Automatic;
				DEVELOPMENT_TEAM = CNTXQYQXTB;
				INFOPLIST_FILE = mailman/Info.plist;
				LD_RUNPATH_SEARCH_PATHS = (
					"$(inherited)",
					"@executable_path/Frameworks",
				);
				PRODUCT_BUNDLE_IDENTIFIER = com.droff.dev.llc.mailman;
				PRODUCT_NAME = "$(TARGET_NAME)";
				SWIFT_VERSION = 4.0;
				TARGETED_DEVICE_FAMILY = 2;
			};
			name = Debug;
		};
		CC55B40020A09D1700C34B4D /* Release */ = {
			isa = XCBuildConfiguration;
			buildSettings = {
				ALWAYS_EMBED_SWIFT_STANDARD_LIBRARIES = YES;
				ASSETCATALOG_COMPILER_APPICON_NAME = AppIcon;
				CODE_SIGN_STYLE = Automatic;
				DEVELOPMENT_TEAM = CNTXQYQXTB;
				INFOPLIST_FILE = mailman/Info.plist;
				LD_RUNPATH_SEARCH_PATHS = (
					"$(inherited)",
					"@executable_path/Frameworks",
				);
				PRODUCT_BUNDLE_IDENTIFIER = com.droff.dev.llc.mailman;
				PRODUCT_NAME = "$(TARGET_NAME)";
				SWIFT_VERSION = 4.0;
				TARGETED_DEVICE_FAMILY = 2;
			};
			name = Release;
		};
		CC55B40220A09D1700C34B4D /* Debug */ = {
			isa = XCBuildConfiguration;
			buildSettings = {
				ALWAYS_EMBED_SWIFT_STANDARD_LIBRARIES = YES;
				BUNDLE_LOADER = "$(TEST_HOST)";
				CODE_SIGN_STYLE = Automatic;
				DEVELOPMENT_TEAM = CNTXQYQXTB;
				INFOPLIST_FILE = mailmanTests/Info.plist;
				LD_RUNPATH_SEARCH_PATHS = (
					"$(inherited)",
					"@executable_path/Frameworks",
					"@loader_path/Frameworks",
				);
				PRODUCT_BUNDLE_IDENTIFIER = com.droff.dev.llc.mailmanTests;
				PRODUCT_NAME = "$(TARGET_NAME)";
				SWIFT_VERSION = 4.0;
				TARGETED_DEVICE_FAMILY = "1,2";
				TEST_HOST = "$(BUILT_PRODUCTS_DIR)/mailman.app/mailman";
			};
			name = Debug;
		};
		CC55B40320A09D1700C34B4D /* Release */ = {
			isa = XCBuildConfiguration;
			buildSettings = {
				ALWAYS_EMBED_SWIFT_STANDARD_LIBRARIES = YES;
				BUNDLE_LOADER = "$(TEST_HOST)";
				CODE_SIGN_STYLE = Automatic;
				DEVELOPMENT_TEAM = CNTXQYQXTB;
				INFOPLIST_FILE = mailmanTests/Info.plist;
				LD_RUNPATH_SEARCH_PATHS = (
					"$(inherited)",
					"@executable_path/Frameworks",
					"@loader_path/Frameworks",
				);
				PRODUCT_BUNDLE_IDENTIFIER = com.droff.dev.llc.mailmanTests;
				PRODUCT_NAME = "$(TARGET_NAME)";
				SWIFT_VERSION = 4.0;
				TARGETED_DEVICE_FAMILY = "1,2";
				TEST_HOST = "$(BUILT_PRODUCTS_DIR)/mailman.app/mailman";
			};
			name = Release;
		};
		CC55B40520A09D1700C34B4D /* Debug */ = {
			isa = XCBuildConfiguration;
			buildSettings = {
				ALWAYS_EMBED_SWIFT_STANDARD_LIBRARIES = YES;
				CODE_SIGN_STYLE = Automatic;
				DEVELOPMENT_TEAM = CNTXQYQXTB;
				INFOPLIST_FILE = mailmanUITests/Info.plist;
				LD_RUNPATH_SEARCH_PATHS = (
					"$(inherited)",
					"@executable_path/Frameworks",
					"@loader_path/Frameworks",
				);
				PRODUCT_BUNDLE_IDENTIFIER = com.droff.dev.llc.mailmanUITests;
				PRODUCT_NAME = "$(TARGET_NAME)";
				SWIFT_VERSION = 4.0;
				TARGETED_DEVICE_FAMILY = "1,2";
				TEST_TARGET_NAME = mailman;
			};
			name = Debug;
		};
		CC55B40620A09D1700C34B4D /* Release */ = {
			isa = XCBuildConfiguration;
			buildSettings = {
				ALWAYS_EMBED_SWIFT_STANDARD_LIBRARIES = YES;
				CODE_SIGN_STYLE = Automatic;
				DEVELOPMENT_TEAM = CNTXQYQXTB;
				INFOPLIST_FILE = mailmanUITests/Info.plist;
				LD_RUNPATH_SEARCH_PATHS = (
					"$(inherited)",
					"@executable_path/Frameworks",
					"@loader_path/Frameworks",
				);
				PRODUCT_BUNDLE_IDENTIFIER = com.droff.dev.llc.mailmanUITests;
				PRODUCT_NAME = "$(TARGET_NAME)";
				SWIFT_VERSION = 4.0;
				TARGETED_DEVICE_FAMILY = "1,2";
				TEST_TARGET_NAME = mailman;
			};
			name = Release;
		};
/* End XCBuildConfiguration section */

/* Begin XCConfigurationList section */
		CC55B3CE20A09D1500C34B4D /* Build configuration list for PBXProject "mailman" */ = {
			isa = XCConfigurationList;
			buildConfigurations = (
				CC55B3FC20A09D1700C34B4D /* Debug */,
				CC55B3FD20A09D1700C34B4D /* Release */,
			);
			defaultConfigurationIsVisible = 0;
			defaultConfigurationName = Release;
		};
		CC55B3FE20A09D1700C34B4D /* Build configuration list for PBXNativeTarget "mailman" */ = {
			isa = XCConfigurationList;
			buildConfigurations = (
				CC55B3FF20A09D1700C34B4D /* Debug */,
				CC55B40020A09D1700C34B4D /* Release */,
			);
			defaultConfigurationIsVisible = 0;
			defaultConfigurationName = Release;
		};
		CC55B40120A09D1700C34B4D /* Build configuration list for PBXNativeTarget "mailmanTests" */ = {
			isa = XCConfigurationList;
			buildConfigurations = (
				CC55B40220A09D1700C34B4D /* Debug */,
				CC55B40320A09D1700C34B4D /* Release */,
			);
			defaultConfigurationIsVisible = 0;
			defaultConfigurationName = Release;
		};
		CC55B40420A09D1700C34B4D /* Build configuration list for PBXNativeTarget "mailmanUITests" */ = {
			isa = XCConfigurationList;
			buildConfigurations = (
				CC55B40520A09D1700C34B4D /* Debug */,
				CC55B40620A09D1700C34B4D /* Release */,
			);
			defaultConfigurationIsVisible = 0;
			defaultConfigurationName = Release;
		};
/* End XCConfigurationList section */

/* Begin XCVersionGroup section */
		CC55B3DD20A09D1500C34B4D /* mailman.xcdatamodeld */ = {
			isa = XCVersionGroup;
			children = (
				CC55B3DE20A09D1500C34B4D /* mailman.xcdatamodel */,
			);
			currentVersion = CC55B3DE20A09D1500C34B4D /* mailman.xcdatamodel */;
			path = mailman.xcdatamodeld;
			sourceTree = "<group>";
			versionGroupType = wrapper.xcdatamodel;
		};
/* End XCVersionGroup section */
	};
	rootObject = CC55B3CB20A09D1500C34B4D /* Project object */;
}
